# This file is automatically @generated by Cargo.
# It is not intended for manual editing.
version = 3

[[package]]
name = "ahash"
version = "0.7.8"
source = "registry+https://github.com/rust-lang/crates.io-index"
checksum = "891477e0c6a8957309ee5c45a6368af3ae14bb510732d2684ffa19af310920f9"
dependencies = [
 "getrandom",
 "once_cell",
 "version_check",
]

[[package]]
name = "arrayvec"
version = "0.7.6"
source = "registry+https://github.com/rust-lang/crates.io-index"
checksum = "7c02d123df017efcdfbd739ef81735b36c5ba83ec3c59c80a9d7ecc718f92e50"

[[package]]
name = "autocfg"
version = "1.5.0"
source = "registry+https://github.com/rust-lang/crates.io-index"
checksum = "c08606f8c3cbf4ce6ec8e28fb0014a2c086708fe954eaa885384a6165172e7e8"

[[package]]
name = "bitflags"
version = "1.3.2"
source = "registry+https://github.com/rust-lang/crates.io-index"
checksum = "bef38d45163c2f1dde094a7dfd33ccf595c92905c8f8f4fdc18d06fb1037718a"

[[package]]
name = "bumpalo"
version = "3.20.2"
source = "registry+https://github.com/rust-lang/crates.io-index"
checksum = "5d20789868f4b01b2f2caec9f5c4e0213b41e3e5702a50157d699ae31ced2fcb"

[[package]]
name = "cfg-if"
version = "0.1.10"
source = "registry+https://github.com/rust-lang/crates.io-index"
checksum = "4785bdd1c96b2a846b2bd7cc02e86b6b3dbf14e7e53446c4f54c92a361040822"

[[package]]
name = "cfg-if"
version = "1.0.4"
source = "registry+https://github.com/rust-lang/crates.io-index"
checksum = "9330f8b2ff13f34540b44e946ef35111825727b38d33286ef986142615121801"

[[package]]
name = "endian-type"
version = "0.1.2"
source = "registry+https://github.com/rust-lang/crates.io-index"
checksum = "c34f04666d835ff5d62e058c3995147c06f42fe86ff053337632bca83e42702d"

[[package]]
name = "getrandom"
version = "0.2.17"
source = "registry+https://github.com/rust-lang/crates.io-index"
checksum = "ff2abc00be7fca6ebc474524697ae276ad847ad0a6b3faa4bcb027e9a4614ad0"
dependencies = [
 "cfg-if 1.0.4",
 "js-sys",
 "libc",
 "wasi",
 "wasm-bindgen",
]

[[package]]
name = "hashbrown"
version = "0.11.2"
source = "registry+https://github.com/rust-lang/crates.io-index"
checksum = "ab5ef0d4909ef3724cc8cce6ccc8572c5c817592e9285f5464f8e86f8bd3726e"
dependencies = [
 "ahash",
]

[[package]]
name = "hex"
version = "0.4.3"
source = "registry+https://github.com/rust-lang/crates.io-index"
checksum = "7f24254aa9a54b5c858eaee2f5bccdb46aaf0e486a595ed5fd8f86ba55232a70"

[[package]]
name = "hex-literal"
version = "0.3.4"
source = "registry+https://github.com/rust-lang/crates.io-index"
checksum = "7ebdb29d2ea9ed0083cd8cece49bbd968021bd99b0849edb4a9a7ee0fdf6a4e0"

[[package]]
name = "js-sys"
version = "0.3.90"
source = "registry+https://github.com/rust-lang/crates.io-index"
checksum = "14dc6f6450b3f6d4ed5b16327f38fed626d375a886159ca555bd7822c0c3a5a6"
dependencies = [
 "once_cell",
 "wasm-bindgen",
]

[[package]]
name = "libc"
version = "0.2.182"
source = "registry+https://github.com/rust-lang/crates.io-index"
checksum = "6800badb6cb2082ffd7b6a67e6125bb39f18782f793520caee8cb8846be06112"

[[package]]
name = "memory_units"
version = "0.4.0"
source = "registry+https://github.com/rust-lang/crates.io-index"
checksum = "8452105ba047068f40ff7093dd1d9da90898e63dd61736462e9cdda6a90ad3c3"

[[package]]
name = "nibble_vec"
version = "0.0.4"
source = "registry+https://github.com/rust-lang/crates.io-index"
checksum = "c8d77f3db4bce033f4d04db08079b2ef1c3d02b44e86f25d08886fafa7756ffa"

[[package]]
name = "num-traits"
version = "0.2.19"
source = "registry+https://github.com/rust-lang/crates.io-index"
checksum = "071dfc062690e90b734c0b2273ce72ad0ffa95f0c74596bc250dcfd960262841"
dependencies = [
 "autocfg",
]

[[package]]
name = "numbat-codec"
version = "0.0.18"
source = "registry+https://github.com/rust-lang/crates.io-index"
checksum = "924cd28a17f5a91730fb025258470953991150b1ca62ac588e9b05d5167100a7"
dependencies = [
 "arrayvec",
 "numbat-codec-derive",
 "wee_alloc",
]

[[package]]
name = "numbat-codec-derive"
version = "0.0.18"
source = "registry+https://github.com/rust-lang/crates.io-index"
checksum = "84db710847fa508fcdcb25c6e7f1480b6235a803c94a9ba47fe44e1be172deab"
dependencies = [
 "hex",
 "proc-macro2",
 "quote",
 "syn 1.0.109",
]

[[package]]
name = "numbat-wasm"
version = "0.0.18"
source = "registry+https://github.com/rust-lang/crates.io-index"
checksum = "c2685698ea78c92e43cdeaa27042427419564595a921ad2264c80d92e734777d"
dependencies = [
 "bitflags",
 "hashbrown",
 "hex-literal",
 "num-traits",
 "numbat-codec",
 "numbat-wasm-derive",
 "wee_alloc",
]

[[package]]
name = "numbat-wasm-derive"
version = "0.0.18"
source = "registry+https://github.com/rust-lang/crates.io-index"
checksum = "8482736a65cc402e0549c89d86d37044e2aef1daa14d80e472954a3e0cba7d5e"
dependencies = [
 "hex",
 "proc-macro2",
 "quote",
 "radix_trie",
 "syn 1.0.109",
]

[[package]]
name = "numbat-wasm-modules"
version = "0.0.18"
source = "registry+https://github.com/rust-lang/crates.io-index"
checksum = "8e23d199c39514fedc62eea12e36e8e309c3ffb79fa92f8cfd053622645f8c86"
dependencies = [
 "numbat-wasm",
]

[[package]]
name = "numbat-wasm-node"
version = "0.0.18"
source = "registry+https://github.com/rust-lang/crates.io-index"
checksum = "fe76e52dc24f016a94abe10bce3ca0bdc72c0c9018d1b05adf72a065fae47d1a"
dependencies = [
 "numbat-wasm",
]

[[package]]
name = "numbat-wasm-output"
version = "0.0.18"
source = "registry+https://github.com/rust-lang/crates.io-index"
checksum = "0f7f1fd8e46ff52d559e45eede5d00ec0ac367c4be8bf23218199161cca2ca57"
dependencies = [
 "numbat-wasm-node",
 "wee_alloc",
]

[[package]]
name = "numbat-wasm-sc-dns"
version = "1.1.0"
dependencies = [
 "getrandom",
 "numbat-wasm",
 "numbat-wasm-modules",
]

[[package]]
name = "numbat-wasm-sc-dns-wasm"
version = "0.0.0"
dependencies = [
 "numbat-wasm-node",
 "numbat-wasm-output",
 "numbat-wasm-sc-dns",
]

[[package]]
name = "once_cell"
version = "1.21.3"
source = "registry+https://github.com/rust-lang/crates.io-index"
checksum = "42f5e15c9953c5e4ccceeb2e7382a716482c34515315f7b03532b8b4e8393d2d"

[[package]]
name = "proc-macro2"
version = "1.0.106"
source = "registry+https://github.com/rust-lang/crates.io-index"
checksum = "8fd00f0bb2e90d81d1044c2b32617f68fcb9fa3bb7640c23e9c748e53fb30934"
dependencies = [
 "unicode-ident",
]

[[package]]
name = "quote"
version = "1.0.44"
source = "registry+https://github.com/rust-lang/crates.io-index"
checksum = "21b2ebcf727b7760c461f091f9f0f539b77b8e87f2fd88131e7f1b433b3cece4"
dependencies = [
 "proc-macro2",
]

[[package]]
name = "radix_trie"
version = "0.1.6"
source = "registry+https://github.com/rust-lang/crates.io-index"
checksum = "3d3681b28cd95acfb0560ea9441f82d6a4504fa3b15b97bd7b6e952131820e95"
dependencies = [
 "endian-type",
 "nibble_vec",
]

[[package]]
name = "rustversion"
version = "1.0.22"
source = "registry+https://github.com/rust-lang/crates.io-index"
checksum = "b39cdef0fa800fc44525c84ccb54a029961a8215f9619753635a9c0d2538d46d"

[[package]]
name = "syn"
version = "1.0.109"
source = "registry+https://github.com/rust-lang/crates.io-index"
checksum = "72b64191b275b66ffe2469e8af2c1cfe3bafa67b529ead792a6d0160888b4237"
dependencies = [
 "proc-macro2",
 "quote",
 "unicode-ident",
]

[[package]]
name = "syn"
version = "2.0.117"
source = "registry+https://github.com/rust-lang/crates.io-index"
checksum = "e665b8803e7b1d2a727f4023456bbbbe74da67099c585258af0ad9c5013b9b99"
dependencies = [
 "proc-macro2",
 "quote",
 "unicode-ident",
]

[[package]]
name = "unicode-ident"
version = "1.0.24"
source = "registry+https://github.com/rust-lang/crates.io-index"
checksum = "e6e4313cd5fcd3dad5cafa179702e2b244f760991f45397d14d4ebf38247da75"

[[package]]
name = "version_check"
version = "0.9.5"
source = "registry+https://github.com/rust-lang/crates.io-index"
checksum = "0b928f33d975fc6ad9f86c8f283853ad26bdd5b10b7f1542aa2fa15e2289105a"

[[package]]
name = "wasi"
version = "0.11.1+wasi-snapshot-preview1"
source = "registry+https://github.com/rust-lang/crates.io-index"
checksum = "ccf3ec651a847eb01de73ccad15eb7d99f80485de043efb2f370cd654f4ea44b"

[[package]]
name = "wasm-bindgen"
version = "0.2.113"
source = "registry+https://github.com/rust-lang/crates.io-index"
checksum = "60722a937f594b7fde9adb894d7c092fc1bb6612897c46368d18e7a20208eff2"
dependencies = [
 "cfg-if 1.0.4",
 "once_cell",
 "rustversion",
 "wasm-bindgen-macro",
 "wasm-bindgen-shared",
]

[[package]]
name = "wasm-bindgen-macro"
version = "0.2.113"
source = "registry+https://github.com/rust-lang/crates.io-index"
checksum = "0fac8c6395094b6b91c4af293f4c79371c163f9a6f56184d2c9a85f5a95f3950"
dependencies = [
 "quote",
 "wasm-bindgen-macro-support",
]

[[package]]
name = "wasm-bindgen-macro-support"
version = "0.2.113"
source = "registry+https://github.com/rust-lang/crates.io-index"
checksum = "ab3fabce6159dc20728033842636887e4877688ae94382766e00b180abac9d60"
dependencies = [
 "bumpalo",
 "proc-macro2",
 "quote",
 "syn 2.0.117",
 "wasm-bindgen-shared",
]

[[package]]
name = "wasm-bindgen-shared"
version = "0.2.113"
source = "registry+https://github.com/rust-lang/crates.io-index"
checksum = "de0e091bdb824da87dc01d967388880d017a0a9bc4f3bdc0d86ee9f9336e3bb5"
dependencies = [
 "unicode-ident",
]

[[package]]
name = "wee_alloc"
version = "0.4.5"
source = "registry+https://github.com/rust-lang/crates.io-index"
checksum = "dbb3b5a6b2bb17cb6ad44a2e68a43e8d2722c997da10e928665c72ec6c0a0b8e"
dependencies = [
 "cfg-if 0.1.10",
 "libc",
 "memory_units",
 "winapi",
]

[[package]]
name = "winapi"
version = "0.3.9"
source = "registry+https://github.com/rust-lang/crates.io-index"
checksum = "5c839a674fcd7a98952e593242ea400abe93992746761e38641405d28b00f419"
dependencies = [
 "winapi-i686-pc-windows-gnu",
 "winapi-x86_64-pc-windows-gnu",
]

[[package]]
name = "winapi-i686-pc-windows-gnu"
version = "0.4.0"
source = "registry+https://github.com/rust-lang/crates.io-index"
checksum = "ac3b87c63620426dd9b991e5ce0329eff545bccbbb34f3be09ff6fb6ab51b7b6"

[[package]]
name = "winapi-x86_64-pc-windows-gnu"
version = "0.4.0"
source = "registry+https://github.com/rust-lang/crates.io-index"
checksum = "712e227841d057c1ee1cd2fb22fa7e5a5461ae8e48fa2ca79ec42cfc1931183f"
